{
    "_readme": [
        "This file locks the dependencies of your project to a known state",
        "Read more about it at https://getcomposer.org/doc/01-basic-usage.md#composer-lock-the-lock-file",
        "This file is @generated automatically"
    ],
    "hash": "eb1598dd777a65242af1851ad4866b69",
    "content-hash": "3db1c98edeef949700cfe3fcf6543399",
    "packages": [
        {
            "name": "cmp/queues",
            "version": "dev-master",
            "source": {
                "type": "git",
                "url": "git@github.com:CMProductions/queues.git",
                "reference": "dad9e0b925c02aefef59e00ae42c7b7fe660f377"
            },
            "dist": {
                "type": "zip",
                "url": "https://api.github.com/repos/CMProductions/queues/zipball/dad9e0b925c02aefef59e00ae42c7b7fe660f377",
                "reference": "dad9e0b925c02aefef59e00ae42c7b7fe660f377",
                "shasum": ""
            },
            "require": {
                "php-amqplib/php-amqplib": "^2.6",
                "psr/log": "^1.0"
            },
            "require-dev": {
                "phpspec/phpspec": "2.4.1"
            },
            "type": "library",
            "autoload": {
                "psr-0": {
                    "": "src"
                }
            },
            "support": {
                "source": "https://github.com/CMProductions/queues/tree/master",
                "issues": "https://github.com/CMProductions/queues/issues"
            },
            "time": "2016-07-20 09:31:45"
        },
        {
            "name": "ircmaxell/password-compat",
            "version": "1.0.x-dev",
            "source": {
                "type": "git",
                "url": "https://github.com/ircmaxell/password_compat.git",
                "reference": "9b99377557a33a4129c9194e60a97a685fab21e0"
            },
            "dist": {
                "type": "zip",
                "url": "https://api.github.com/repos/ircmaxell/password_compat/zipball/9b99377557a33a4129c9194e60a97a685fab21e0",
                "reference": "9b99377557a33a4129c9194e60a97a685fab21e0",
                "shasum": ""
            },
            "require-dev": {
                "phpunit/phpunit": "4.*"
            },
            "type": "library",
            "autoload": {
                "files": [
                    "lib/password.php"
                ]
            },
            "notification-url": "https://packagist.org/downloads/",
            "license": [
                "MIT"
            ],
            "authors": [
                {
                    "name": "Anthony Ferrara",
                    "email": "ircmaxell@php.net",
                    "homepage": "http://blog.ircmaxell.com"
                }
            ],
            "description": "A compatibility library for the proposed simplified password hashing algorithm: https://wiki.php.net/rfc/password_hash",
            "homepage": "https://github.com/ircmaxell/password_compat",
            "keywords": [
                "hashing",
                "password"
            ],
            "time": "2014-11-20 19:18:42"
        },
        {
            "name": "php-amqplib/php-amqplib",
            "version": "dev-master",
            "source": {
                "type": "git",
                "url": "https://github.com/php-amqplib/php-amqplib.git",
                "reference": "b7b677d046a9735e0ad940d649feaf38d58c866c"
            },
            "dist": {
                "type": "zip",
                "url": "https://api.github.com/repos/php-amqplib/php-amqplib/zipball/b7b677d046a9735e0ad940d649feaf38d58c866c",
                "reference": "b7b677d046a9735e0ad940d649feaf38d58c866c",
                "shasum": ""
            },
            "require": {
                "ext-bcmath": "*",
                "ext-mbstring": "*",
                "php": ">=5.3.0"
            },
            "replace": {
                "videlalvaro/php-amqplib": "self.version"
            },
            "require-dev": {
                "phpunit/phpunit": "^4.8",
                "scrutinizer/ocular": "^1.1",
                "squizlabs/php_codesniffer": "^2.5"
            },
            "suggest": {
                "ext-sockets": "Use AMQPSocketConnection"
            },
            "type": "library",
            "extra": {
                "branch-alias": {
                    "dev-master": "2.7-dev"
                }
            },
            "autoload": {
                "psr-4": {
                    "PhpAmqpLib\\": "PhpAmqpLib/"
                }
            },
            "notification-url": "https://packagist.org/downloads/",
            "license": [
                "LGPL-2.1"
            ],
            "authors": [
                {
                    "name": "Alvaro Videla",
                    "role": "Original Maintainer"
                },
                {
                    "name": "John Kelly",
                    "email": "johnmkelly86@gmail.com",
                    "role": "Maintainer"
                },
                {
                    "name": "Raúl Araya",
                    "email": "nubeiro@gmail.com",
                    "role": "Maintainer"
                }
            ],
            "description": "Formerly videlalvaro/php-amqplib.  This library is a pure PHP implementation of the AMQP protocol. It's been tested against RabbitMQ.",
            "homepage": "https://github.com/php-amqplib/php-amqplib/",
            "keywords": [
                "message",
                "queue",
                "rabbitmq"
            ],
            "time": "2016-07-01 23:37:24"
        },
        {
            "name": "pimple/pimple",
            "version": "1.1.x-dev",
            "source": {
                "type": "git",
                "url": "https://github.com/silexphp/Pimple.git",
                "reference": "bc2fc12cdf1f29bcad9e650d493a54a8fd1f3d85"
            },
            "dist": {
                "type": "zip",
                "url": "https://api.github.com/repos/silexphp/Pimple/zipball/bc2fc12cdf1f29bcad9e650d493a54a8fd1f3d85",
                "reference": "bc2fc12cdf1f29bcad9e650d493a54a8fd1f3d85",
                "shasum": ""
            },
            "require": {
                "php": ">=5.3.0"
            },
            "type": "library",
            "extra": {
                "branch-alias": {
                    "dev-master": "1.1.x-dev"
                }
            },
            "autoload": {
                "psr-0": {
                    "Pimple": "lib/"
                }
            },
            "notification-url": "https://packagist.org/downloads/",
            "license": [
                "MIT"
            ],
            "authors": [
                {
                    "name": "Fabien Potencier",
                    "email": "fabien@symfony.com"
                }
            ],
            "description": "Pimple is a simple Dependency Injection Container for PHP 5.3",
            "homepage": "http://pimple.sensiolabs.org",
            "keywords": [
                "container",
                "dependency injection"
            ],
            "time": "2014-04-20 07:24:09"
        },
        {
            "name": "psr/log",
            "version": "dev-master",
            "source": {
                "type": "git",
                "url": "https://github.com/php-fig/log.git",
                "reference": "d8e60a5619fff77f9669da8997697443ef1a1d7e"
            },
            "dist": {
                "type": "zip",
                "url": "https://api.github.com/repos/php-fig/log/zipball/d8e60a5619fff77f9669da8997697443ef1a1d7e",
                "reference": "d8e60a5619fff77f9669da8997697443ef1a1d7e",
                "shasum": ""
            },
            "require": {
                "php": ">=5.3.0"
            },
            "type": "library",
            "extra": {
                "branch-alias": {
                    "dev-master": "1.0.x-dev"
                }
            },
            "autoload": {
                "psr-4": {
                    "Psr\\Log\\": "Psr/Log/"
                }
            },
            "notification-url": "https://packagist.org/downloads/",
            "license": [
                "MIT"
            ],
            "authors": [
                {
                    "name": "PHP-FIG",
                    "homepage": "http://www.php-fig.org/"
                }
            ],
            "description": "Common interface for logging libraries",
            "homepage": "https://github.com/php-fig/log",
            "keywords": [
                "log",
                "psr",
                "psr-3"
            ],
            "time": "2016-01-06 21:40:42"
        },
        {
            "name": "silex/silex",
            "version": "1.3.x-dev",
            "source": {
                "type": "git",
                "url": "https://github.com/silexphp/Silex.git",
                "reference": "a102df4dcfda3676348e816993de06c038b4aa0e"
            },
            "dist": {
                "type": "zip",
                "url": "https://api.github.com/repos/silexphp/Silex/zipball/a102df4dcfda3676348e816993de06c038b4aa0e",
                "reference": "a102df4dcfda3676348e816993de06c038b4aa0e",
                "shasum": ""
            },
            "require": {
                "php": ">=5.3.9",
                "pimple/pimple": "~1.0",
                "symfony/event-dispatcher": "~2.3|3.0.*",
                "symfony/http-foundation": "~2.3|3.0.*",
                "symfony/http-kernel": "~2.3|3.0.*",
                "symfony/routing": "~2.3|3.0.*"
            },
            "require-dev": {
                "doctrine/dbal": "~2.2",
                "monolog/monolog": "^1.4.1",
                "swiftmailer/swiftmailer": "~5",
                "symfony/browser-kit": "~2.3|3.0.*",
                "symfony/config": "~2.3|3.0.*",
                "symfony/css-selector": "~2.3|3.0.*",
                "symfony/debug": "~2.3|3.0.*",
                "symfony/dom-crawler": "~2.3|3.0.*",
                "symfony/finder": "~2.3|3.0.*",
                "symfony/form": "~2.3|3.0.*",
                "symfony/locale": "~2.3|3.0.*",
                "symfony/monolog-bridge": "~2.3|3.0.*",
                "symfony/options-resolver": "~2.3|3.0.*",
                "symfony/phpunit-bridge": "~2.7",
                "symfony/process": "~2.3|3.0.*",
                "symfony/security": "~2.3|3.0.*",
                "symfony/serializer": "~2.3|3.0.*",
                "symfony/translation": "~2.3|3.0.*",
                "symfony/twig-bridge": "~2.3|3.0.*",
                "symfony/validator": "~2.3|3.0.*",
                "twig/twig": "~1.8|~2.0"
            },
            "type": "library",
            "extra": {
                "branch-alias": {
                    "dev-master": "1.3.x-dev"
                }
            },
            "autoload": {
                "psr-4": {
                    "Silex\\": "src/Silex"
                }
            },
            "notification-url": "https://packagist.org/downloads/",
            "license": [
                "MIT"
            ],
            "authors": [
                {
                    "name": "Fabien Potencier",
                    "email": "fabien@symfony.com"
                },
                {
                    "name": "Igor Wiedler",
                    "email": "igor@wiedler.ch"
                }
            ],
            "description": "The PHP micro-framework based on the Symfony Components",
            "homepage": "http://silex.sensiolabs.org",
            "keywords": [
                "microframework"
            ],
            "time": "2016-07-18 14:35:28"
        },
        {
            "name": "symfony/debug",
            "version": "2.8.x-dev",
            "source": {
                "type": "git",
                "url": "https://github.com/symfony/debug.git",
                "reference": "2477199ad1dd1c43fe18a84d7907fffa025eff10"
            },
            "dist": {
                "type": "zip",
                "url": "https://api.github.com/repos/symfony/debug/zipball/2477199ad1dd1c43fe18a84d7907fffa025eff10",
                "reference": "2477199ad1dd1c43fe18a84d7907fffa025eff10",
                "shasum": ""
            },
            "require": {
                "php": ">=5.3.9",
                "psr/log": "~1.0"
            },
            "conflict": {
                "symfony/http-kernel": ">=2.3,<2.3.24|~2.4.0|>=2.5,<2.5.9|>=2.6,<2.6.2"
            },
            "require-dev": {
                "symfony/class-loader": "~2.2|~3.0.0",
                "symfony/http-kernel": "~2.3.24|~2.5.9|~2.6,>=2.6.2|~3.0.0"
            },
            "type": "library",
            "extra": {
                "branch-alias": {
                    "dev-master": "2.8-dev"
                }
            },
            "autoload": {
                "psr-4": {
                    "Symfony\\Component\\Debug\\": ""
                },
                "exclude-from-classmap": [
                    "/Tests/"
                ]
            },
            "notification-url": "https://packagist.org/downloads/",
            "license": [
                "MIT"
            ],
            "authors": [
                {
                    "name": "Fabien Potencier",
                    "email": "fabien@symfony.com"
                },
                {
                    "name": "Symfony Community",
                    "homepage": "https://symfony.com/contributors"
                }
            ],
            "description": "Symfony Debug Component",
            "homepage": "https://symfony.com",
            "time": "2016-06-29 05:29:29"
        },
        {
            "name": "symfony/event-dispatcher",
            "version": "2.8.x-dev",
            "source": {
                "type": "git",
                "url": "https://github.com/symfony/event-dispatcher.git",
                "reference": "6612e92d5572c1506e6e5412faab77a76bce6c2f"
            },
            "dist": {
                "type": "zip",
                "url": "https://api.github.com/repos/symfony/event-dispatcher/zipball/6612e92d5572c1506e6e5412faab77a76bce6c2f",
                "reference": "6612e92d5572c1506e6e5412faab77a76bce6c2f",
                "shasum": ""
            },
            "require": {
                "php": ">=5.3.9"
            },
            "require-dev": {
                "psr/log": "~1.0",
                "symfony/config": "~2.0,>=2.0.5|~3.0.0",
                "symfony/dependency-injection": "~2.6|~3.0.0",
                "symfony/expression-language": "~2.6|~3.0.0",
                "symfony/stopwatch": "~2.3|~3.0.0"
            },
            "suggest": {
                "symfony/dependency-injection": "",
                "symfony/http-kernel": ""
            },
            "type": "library",
            "extra": {
                "branch-alias": {
                    "dev-master": "2.8-dev"
                }
            },
            "autoload": {
                "psr-4": {
                    "Symfony\\Component\\EventDispatcher\\": ""
                },
                "exclude-from-classmap": [
                    "/Tests/"
                ]
            },
            "notification-url": "https://packagist.org/downloads/",
            "license": [
                "MIT"
            ],
            "authors": [
                {
                    "name": "Fabien Potencier",
                    "email": "fabien@symfony.com"
                },
                {
                    "name": "Symfony Community",
                    "homepage": "https://symfony.com/contributors"
                }
            ],
            "description": "Symfony EventDispatcher Component",
            "homepage": "https://symfony.com",
            "time": "2016-07-18 07:09:40"
        },
        {
            "name": "symfony/http-foundation",
            "version": "2.8.x-dev",
            "source": {
                "type": "git",
                "url": "https://github.com/symfony/http-foundation.git",
                "reference": "328c43e1fdd168ab4d9dce4695fc700e44e4cf7b"
            },
            "dist": {
                "type": "zip",
                "url": "https://api.github.com/repos/symfony/http-foundation/zipball/328c43e1fdd168ab4d9dce4695fc700e44e4cf7b",
                "reference": "328c43e1fdd168ab4d9dce4695fc700e44e4cf7b",
                "shasum": ""
            },
            "require": {
                "php": ">=5.3.9",
                "symfony/polyfill-mbstring": "~1.1",
                "symfony/polyfill-php54": "~1.0",
                "symfony/polyfill-php55": "~1.0"
            },
            "require-dev": {
                "symfony/expression-language": "~2.4|~3.0.0"
            },
            "type": "library",
            "extra": {
                "branch-alias": {
                    "dev-master": "2.8-dev"
                }
            },
            "autoload": {
                "psr-4": {
                    "Symfony\\Component\\HttpFoundation\\": ""
                },
                "exclude-from-classmap": [
                    "/Tests/"
                ]
            },
            "notification-url": "https://packagist.org/downloads/",
            "license": [
                "MIT"
            ],
            "authors": [
                {
                    "name": "Fabien Potencier",
                    "email": "fabien@symfony.com"
                },
                {
                    "name": "Symfony Community",
                    "homepage": "https://symfony.com/contributors"
                }
            ],
            "description": "Symfony HttpFoundation Component",
            "homepage": "https://symfony.com",
            "time": "2016-07-17 09:06:15"
        },
        {
            "name": "symfony/http-kernel",
            "version": "2.8.x-dev",
            "source": {
                "type": "git",
                "url": "https://github.com/symfony/http-kernel.git",
                "reference": "37c7be00fbd75ee5baf7316e5682a59302641b30"
            },
            "dist": {
                "type": "zip",
                "url": "https://api.github.com/repos/symfony/http-kernel/zipball/37c7be00fbd75ee5baf7316e5682a59302641b30",
                "reference": "37c7be00fbd75ee5baf7316e5682a59302641b30",
                "shasum": ""
            },
            "require": {
                "php": ">=5.3.9",
                "psr/log": "~1.0",
                "symfony/debug": "~2.6,>=2.6.2",
                "symfony/event-dispatcher": "~2.6,>=2.6.7|~3.0.0",
                "symfony/http-foundation": "~2.7.15|~2.8.8|~3.0.8"
            },
            "conflict": {
                "symfony/config": "<2.7"
            },
            "require-dev": {
                "symfony/browser-kit": "~2.3|~3.0.0",
                "symfony/class-loader": "~2.1|~3.0.0",
                "symfony/config": "~2.8",
                "symfony/console": "~2.3|~3.0.0",
                "symfony/css-selector": "~2.0,>=2.0.5|~3.0.0",
                "symfony/dependency-injection": "~2.8|~3.0.0",
                "symfony/dom-crawler": "~2.0,>=2.0.5|~3.0.0",
                "symfony/expression-language": "~2.4|~3.0.0",
                "symfony/finder": "~2.0,>=2.0.5|~3.0.0",
                "symfony/process": "~2.0,>=2.0.5|~3.0.0",
                "symfony/routing": "~2.8|~3.0.0",
                "symfony/stopwatch": "~2.3|~3.0.0",
                "symfony/templating": "~2.2|~3.0.0",
                "symfony/translation": "~2.0,>=2.0.5|~3.0.0",
                "symfony/var-dumper": "~2.6|~3.0.0"
            },
            "suggest": {
                "symfony/browser-kit": "",
                "symfony/class-loader": "",
                "symfony/config": "",
                "symfony/console": "",
                "symfony/dependency-injection": "",
                "symfony/finder": "",
                "symfony/var-dumper": ""
            },
            "type": "library",
            "extra": {
                "branch-alias": {
                    "dev-master": "2.8-dev"
                }
            },
            "autoload": {
                "psr-4": {
                    "Symfony\\Component\\HttpKernel\\": ""
                },
                "exclude-from-classmap": [
                    "/Tests/"
                ]
            },
            "notification-url": "https://packagist.org/downloads/",
            "license": [
                "MIT"
            ],
            "authors": [
                {
                    "name": "Fabien Potencier",
                    "email": "fabien@symfony.com"
                },
                {
                    "name": "Symfony Community",
                    "homepage": "https://symfony.com/contributors"
                }
            ],
            "description": "Symfony HttpKernel Component",
            "homepage": "https://symfony.com",
            "time": "2016-07-19 10:40:24"
        },
        {
            "name": "symfony/polyfill-mbstring",
            "version": "dev-master",
            "source": {
                "type": "git",
                "url": "https://github.com/symfony/polyfill-mbstring.git",
                "reference": "8a6bdec191138e01c92ae026e5aacb7b3e66267d"
            },
            "dist": {
                "type": "zip",
                "url": "https://api.github.com/repos/symfony/polyfill-mbstring/zipball/8a6bdec191138e01c92ae026e5aacb7b3e66267d",
                "reference": "8a6bdec191138e01c92ae026e5aacb7b3e66267d",
                "shasum": ""
            },
            "require": {
                "php": ">=5.3.3"
            },
            "suggest": {
                "ext-mbstring": "For best performance"
            },
            "type": "library",
            "extra": {
                "branch-alias": {
                    "dev-master": "1.2-dev"
                }
            },
            "autoload": {
                "psr-4": {
                    "Symfony\\Polyfill\\Mbstring\\": ""
                },
                "files": [
                    "bootstrap.php"
                ]
            },
            "notification-url": "https://packagist.org/downloads/",
            "license": [
                "MIT"
            ],
            "authors": [
                {
                    "name": "Nicolas Grekas",
                    "email": "p@tchwork.com"
                },
                {
                    "name": "Symfony Community",
                    "homepage": "https://symfony.com/contributors"
                }
            ],
            "description": "Symfony polyfill for the Mbstring extension",
            "homepage": "https://symfony.com",
            "keywords": [
                "compatibility",
                "mbstring",
                "polyfill",
                "portable",
                "shim"
            ],
            "time": "2016-06-29 14:58:48"
        },
        {
            "name": "symfony/polyfill-php54",
            "version": "dev-master",
            "source": {
                "type": "git",
                "url": "https://github.com/symfony/polyfill-php54.git",
                "reference": "34d761992f6f2cc6092cc0e5e93f38b53ba5e4f1"
            },
            "dist": {
                "type": "zip",
                "url": "https://api.github.com/repos/symfony/polyfill-php54/zipball/34d761992f6f2cc6092cc0e5e93f38b53ba5e4f1",
                "reference": "34d761992f6f2cc6092cc0e5e93f38b53ba5e4f1",
                "shasum": ""
            },
            "require": {
                "php": ">=5.3.3"
            },
            "type": "library",
            "extra": {
                "branch-alias": {
                    "dev-master": "1.2-dev"
                }
            },
            "autoload": {
                "psr-4": {
                    "Symfony\\Polyfill\\Php54\\": ""
                },
                "files": [
                    "bootstrap.php"
                ],
                "classmap": [
                    "Resources/stubs"
                ]
            },
            "notification-url": "https://packagist.org/downloads/",
            "license": [
                "MIT"
            ],
            "authors": [
                {
                    "name": "Nicolas Grekas",
                    "email": "p@tchwork.com"
                },
                {
                    "name": "Symfony Community",
                    "homepage": "https://symfony.com/contributors"
                }
            ],
            "description": "Symfony polyfill backporting some PHP 5.4+ features to lower PHP versions",
            "homepage": "https://symfony.com",
            "keywords": [
                "compatibility",
                "polyfill",
                "portable",
                "shim"
            ],
            "time": "2016-05-18 14:26:46"
        },
        {
            "name": "symfony/polyfill-php55",
            "version": "dev-master",
            "source": {
                "type": "git",
                "url": "https://github.com/symfony/polyfill-php55.git",
                "reference": "bf2ff9ad6be1a4772cb873e4eea94d70daa95c6d"
            },
            "dist": {
                "type": "zip",
                "url": "https://api.github.com/repos/symfony/polyfill-php55/zipball/bf2ff9ad6be1a4772cb873e4eea94d70daa95c6d",
                "reference": "bf2ff9ad6be1a4772cb873e4eea94d70daa95c6d",
                "shasum": ""
            },
            "require": {
                "ircmaxell/password-compat": "~1.0",
                "php": ">=5.3.3"
            },
            "type": "library",
            "extra": {
                "branch-alias": {
                    "dev-master": "1.2-dev"
                }
            },
            "autoload": {
                "psr-4": {
                    "Symfony\\Polyfill\\Php55\\": ""
                },
                "files": [
                    "bootstrap.php"
                ]
            },
            "notification-url": "https://packagist.org/downloads/",
            "license": [
                "MIT"
            ],
            "authors": [
                {
                    "name": "Nicolas Grekas",
                    "email": "p@tchwork.com"
                },
                {
                    "name": "Symfony Community",
                    "homepage": "https://symfony.com/contributors"
                }
            ],
            "description": "Symfony polyfill backporting some PHP 5.5+ features to lower PHP versions",
            "homepage": "https://symfony.com",
            "keywords": [
                "compatibility",
                "polyfill",
                "portable",
                "shim"
            ],
            "time": "2016-05-18 14:26:46"
        },
        {
            "name": "symfony/routing",
            "version": "2.8.x-dev",
            "source": {
                "type": "git",
                "url": "https://github.com/symfony/routing.git",
                "reference": "cdd298b1d45b9882de0905856e89171bf487c6d5"
            },
            "dist": {
                "type": "zip",
                "url": "https://api.github.com/repos/symfony/routing/zipball/cdd298b1d45b9882de0905856e89171bf487c6d5",
                "reference": "cdd298b1d45b9882de0905856e89171bf487c6d5",
                "shasum": ""
            },
            "require": {
                "php": ">=5.3.9"
            },
            "conflict": {
                "symfony/config": "<2.7"
            },
            "require-dev": {
                "doctrine/annotations": "~1.0",
                "doctrine/common": "~2.2",
                "psr/log": "~1.0",
                "symfony/config": "~2.7|~3.0.0",
                "symfony/expression-language": "~2.4|~3.0.0",
                "symfony/http-foundation": "~2.3|~3.0.0",
                "symfony/yaml": "~2.0,>=2.0.5|~3.0.0"
            },
            "suggest": {
                "doctrine/annotations": "For using the annotation loader",
                "symfony/config": "For using the all-in-one router or any loader",
                "symfony/dependency-injection": "For loading routes from a service",
                "symfony/expression-language": "For using expression matching",
                "symfony/http-foundation": "For using a Symfony Request object",
                "symfony/yaml": "For using the YAML loader"
            },
            "type": "library",
            "extra": {
                "branch-alias": {
                    "dev-master": "2.8-dev"
                }
            },
            "autoload": {
                "psr-4": {
                    "Symfony\\Component\\Routing\\": ""
                },
                "exclude-from-classmap": [
                    "/Tests/"
                ]
            },
            "notification-url": "https://packagist.org/downloads/",
            "license": [
                "MIT"
            ],
            "authors": [
                {
                    "name": "Fabien Potencier",
                    "email": "fabien@symfony.com"
                },
                {
                    "name": "Symfony Community",
                    "homepage": "https://symfony.com/contributors"
                }
            ],
            "description": "Symfony Routing Component",
            "homepage": "https://symfony.com",
            "keywords": [
                "router",
                "routing",
                "uri",
                "url"
            ],
            "time": "2016-06-29 05:29:29"
        }
    ],
    "packages-dev": [],
    "aliases": [],
    "minimum-stability": "dev",
    "stability-flags": {
        "cmp/queues": 20
    },
    "prefer-stable": false,
    "prefer-lowest": false,
    "platform": [],
    "platform-dev": []
}
